// !$*UTF8*$!
{
	archiveVersion = 1;
	classes = {
	};
	objectVersion = 46;
	objects = {

/* Begin PBXBuildFile section */
		4E8ACBDD1AA7998800B3C05A /* ParkingLot.m in Sources */ = {isa = PBXBuildFile; fileRef = 4E8ACBDC1AA7998800B3C05A /* ParkingLot.m */; };
		4E8ACBE31AA79AAC00B3C05A /* MyPoint.m in Sources */ = {isa = PBXBuildFile; fileRef = 4E8ACBE21AA79AAC00B3C05A /* MyPoint.m */; };
		4E8ACBE61AA7A36400B3C05A /* CustomAnnotation.m in Sources */ = {isa = PBXBuildFile; fileRef = 4E8ACBE51AA7A36400B3C05A /* CustomAnnotation.m */; };
		EB2154851AA62210006987DF /* MoreMenuTableViewController.m in Sources */ = {isa = PBXBuildFile; fileRef = EB2154841AA62210006987DF /* MoreMenuTableViewController.m */; };
		EB2154881AA62290006987DF /* ItemTableViewCell.m in Sources */ = {isa = PBXBuildFile; fileRef = EB2154871AA62290006987DF /* ItemTableViewCell.m */; };
		EB5845461AA4DA2600E00064 /* main.m in Sources */ = {isa = PBXBuildFile; fileRef = EB5845451AA4DA2600E00064 /* main.m */; };
		EB5845491AA4DA2600E00064 /* AppDelegate.m in Sources */ = {isa = PBXBuildFile; fileRef = EB5845481AA4DA2600E00064 /* AppDelegate.m */; };
		EB58454F1AA4DA2600E00064 /* Main.storyboard in Resources */ = {isa = PBXBuildFile; fileRef = EB58454D1AA4DA2600E00064 /* Main.storyboard */; };
		EB5845511AA4DA2600E00064 /* Images.xcassets in Resources */ = {isa = PBXBuildFile; fileRef = EB5845501AA4DA2600E00064 /* Images.xcassets */; };
		EB5845541AA4DA2600E00064 /* LaunchScreen.xib in Resources */ = {isa = PBXBuildFile; fileRef = EB5845521AA4DA2600E00064 /* LaunchScreen.xib */; };
		EB5845601AA4DA2700E00064 /* Mini_Challenge_01Tests.m in Sources */ = {isa = PBXBuildFile; fileRef = EB58455F1AA4DA2700E00064 /* Mini_Challenge_01Tests.m */; };
		EB58456B1AA4EDF300E00064 /* MainViewController.m in Sources */ = {isa = PBXBuildFile; fileRef = EB58456A1AA4EDF300E00064 /* MainViewController.m */; };
		EB58456E1AA4EE2000E00064 /* MapViewController.m in Sources */ = {isa = PBXBuildFile; fileRef = EB58456D1AA4EE2000E00064 /* MapViewController.m */; };
		EB5845701AA4EE9500E00064 /* MapKit.framework in Frameworks */ = {isa = PBXBuildFile; fileRef = EB58456F1AA4EE9500E00064 /* MapKit.framework */; };
		EB5845721AA4EE9C00E00064 /* CoreLocation.framework in Frameworks */ = {isa = PBXBuildFile; fileRef = EB5845711AA4EE9C00E00064 /* CoreLocation.framework */; };
/* End PBXBuildFile section */

/* Begin PBXContainerItemProxy section */
		EB58455A1AA4DA2700E00064 /* PBXContainerItemProxy */ = {
			isa = PBXContainerItemProxy;
			containerPortal = EB5845381AA4DA2600E00064 /* Project object */;
			proxyType = 1;
			remoteGlobalIDString = EB58453F1AA4DA2600E00064;
			remoteInfo = "Mini Challenge 01";
		};
/* End PBXContainerItemProxy section */

/* Begin PBXFileReference section */
		4E8ACBDB1AA7998800B3C05A /* ParkingLot.h */ = {isa = PBXFileReference; fileEncoding = 4; lastKnownFileType = sourcecode.c.h; path = ParkingLot.h; sourceTree = "<group>"; };
		4E8ACBDC1AA7998800B3C05A /* ParkingLot.m */ = {isa = PBXFileReference; fileEncoding = 4; lastKnownFileType = sourcecode.c.objc; path = ParkingLot.m; sourceTree = "<group>"; };
		4E8ACBE11AA79AAC00B3C05A /* MyPoint.h */ = {isa = PBXFileReference; fileEncoding = 4; lastKnownFileType = sourcecode.c.h; path = MyPoint.h; sourceTree = "<group>"; };
		4E8ACBE21AA79AAC00B3C05A /* MyPoint.m */ = {isa = PBXFileReference; fileEncoding = 4; lastKnownFileType = sourcecode.c.objc; path = MyPoint.m; sourceTree = "<group>"; };
		4E8ACBE41AA7A36400B3C05A /* CustomAnnotation.h */ = {isa = PBXFileReference; fileEncoding = 4; lastKnownFileType = sourcecode.c.h; path = CustomAnnotation.h; sourceTree = "<group>"; };
		4E8ACBE51AA7A36400B3C05A /* CustomAnnotation.m */ = {isa = PBXFileReference; fileEncoding = 4; lastKnownFileType = sourcecode.c.objc; path = CustomAnnotation.m; sourceTree = "<group>"; };
		EB2154831AA62210006987DF /* MoreMenuTableViewController.h */ = {isa = PBXFileReference; fileEncoding = 4; lastKnownFileType = sourcecode.c.h; path = MoreMenuTableViewController.h; sourceTree = "<group>"; };
		EB2154841AA62210006987DF /* MoreMenuTableViewController.m */ = {isa = PBXFileReference; fileEncoding = 4; lastKnownFileType = sourcecode.c.objc; path = MoreMenuTableViewController.m; sourceTree = "<group>"; };
		EB2154861AA62290006987DF /* ItemTableViewCell.h */ = {isa = PBXFileReference; fileEncoding = 4; lastKnownFileType = sourcecode.c.h; path = ItemTableViewCell.h; sourceTree = "<group>"; };
		EB2154871AA62290006987DF /* ItemTableViewCell.m */ = {isa = PBXFileReference; fileEncoding = 4; lastKnownFileType = sourcecode.c.objc; path = ItemTableViewCell.m; sourceTree = "<group>"; };
		EB5845401AA4DA2600E00064 /* Mini Challenge 01.app */ = {isa = PBXFileReference; explicitFileType = wrapper.application; includeInIndex = 0; path = "Mini Challenge 01.app"; sourceTree = BUILT_PRODUCTS_DIR; };
		EB5845441AA4DA2600E00064 /* Info.plist */ = {isa = PBXFileReference; lastKnownFileType = text.plist.xml; path = Info.plist; sourceTree = "<group>"; };
		EB5845451AA4DA2600E00064 /* main.m */ = {isa = PBXFileReference; lastKnownFileType = sourcecode.c.objc; path = main.m; sourceTree = "<group>"; };
		EB5845471AA4DA2600E00064 /* AppDelegate.h */ = {isa = PBXFileReference; lastKnownFileType = sourcecode.c.h; path = AppDelegate.h; sourceTree = "<group>"; };
		EB5845481AA4DA2600E00064 /* AppDelegate.m */ = {isa = PBXFileReference; lastKnownFileType = sourcecode.c.objc; path = AppDelegate.m; sourceTree = "<group>"; };
		EB58454E1AA4DA2600E00064 /* Base */ = {isa = PBXFileReference; lastKnownFileType = file.storyboard; name = Base; path = Base.lproj/Main.storyboard; sourceTree = "<group>"; };
		EB5845501AA4DA2600E00064 /* Images.xcassets */ = {isa = PBXFileReference; lastKnownFileType = folder.assetcatalog; path = Images.xcassets; sourceTree = "<group>"; };
		EB5845531AA4DA2600E00064 /* Base */ = {isa = PBXFileReference; lastKnownFileType = file.xib; name = Base; path = Base.lproj/LaunchScreen.xib; sourceTree = "<group>"; };
		EB5845591AA4DA2700E00064 /* Mini Challenge 01Tests.xctest */ = {isa = PBXFileReference; explicitFileType = wrapper.cfbundle; includeInIndex = 0; path = "Mini Challenge 01Tests.xctest"; sourceTree = BUILT_PRODUCTS_DIR; };
		EB58455E1AA4DA2700E00064 /* Info.plist */ = {isa = PBXFileReference; lastKnownFileType = text.plist.xml; path = Info.plist; sourceTree = "<group>"; };
		EB58455F1AA4DA2700E00064 /* Mini_Challenge_01Tests.m */ = {isa = PBXFileReference; lastKnownFileType = sourcecode.c.objc; path = Mini_Challenge_01Tests.m; sourceTree = "<group>"; };
		EB5845691AA4EDF300E00064 /* MainViewController.h */ = {isa = PBXFileReference; fileEncoding = 4; lastKnownFileType = sourcecode.c.h; path = MainViewController.h; sourceTree = "<group>"; };
		EB58456A1AA4EDF300E00064 /* MainViewController.m */ = {isa = PBXFileReference; fileEncoding = 4; lastKnownFileType = sourcecode.c.objc; path = MainViewController.m; sourceTree = "<group>"; };
		EB58456C1AA4EE2000E00064 /* MapViewController.h */ = {isa = PBXFileReference; fileEncoding = 4; lastKnownFileType = sourcecode.c.h; path = MapViewController.h; sourceTree = "<group>"; };
		EB58456D1AA4EE2000E00064 /* MapViewController.m */ = {isa = PBXFileReference; fileEncoding = 4; lastKnownFileType = sourcecode.c.objc; path = MapViewController.m; sourceTree = "<group>"; };
		EB58456F1AA4EE9500E00064 /* MapKit.framework */ = {isa = PBXFileReference; lastKnownFileType = wrapper.framework; name = MapKit.framework; path = System/Library/Frameworks/MapKit.framework; sourceTree = SDKROOT; };
		EB5845711AA4EE9C00E00064 /* CoreLocation.framework */ = {isa = PBXFileReference; lastKnownFileType = wrapper.framework; name = CoreLocation.framework; path = System/Library/Frameworks/CoreLocation.framework; sourceTree = SDKROOT; };
/* End PBXFileReference section */

/* Begin PBXFrameworksBuildPhase section */
		EB58453D1AA4DA2600E00064 /* Frameworks */ = {
			isa = PBXFrameworksBuildPhase;
			buildActionMask = 2147483647;
			files = (
				EB5845721AA4EE9C00E00064 /* CoreLocation.framework in Frameworks */,
				EB5845701AA4EE9500E00064 /* MapKit.framework in Frameworks */,
			);
			runOnlyForDeploymentPostprocessing = 0;
		};
		EB5845561AA4DA2700E00064 /* Frameworks */ = {
			isa = PBXFrameworksBuildPhase;
			buildActionMask = 2147483647;
			files = (
			);
			runOnlyForDeploymentPostprocessing = 0;
		};
/* End PBXFrameworksBuildPhase section */

/* Begin PBXGroup section */
		EB5845371AA4DA2600E00064 = {
			isa = PBXGroup;
			children = (
				EB5845711AA4EE9C00E00064 /* CoreLocation.framework */,
				EB58456F1AA4EE9500E00064 /* MapKit.framework */,
				EB5845421AA4DA2600E00064 /* Mini Challenge 01 */,
				EB58455C1AA4DA2700E00064 /* Mini Challenge 01Tests */,
				EB5845411AA4DA2600E00064 /* Products */,
			);
			sourceTree = "<group>";
		};
		EB5845411AA4DA2600E00064 /* Products */ = {
			isa = PBXGroup;
			children = (
				EB5845401AA4DA2600E00064 /* Mini Challenge 01.app */,
				EB5845591AA4DA2700E00064 /* Mini Challenge 01Tests.xctest */,
			);
			name = Products;
			sourceTree = "<group>";
		};
		EB5845421AA4DA2600E00064 /* Mini Challenge 01 */ = {
			isa = PBXGroup;
			children = (
				4E8ACBE41AA7A36400B3C05A /* CustomAnnotation.h */,
				4E8ACBE51AA7A36400B3C05A /* CustomAnnotation.m */,
				4E8ACBDB1AA7998800B3C05A /* ParkingLot.h */,
				4E8ACBDC1AA7998800B3C05A /* ParkingLot.m */,
				EB5845471AA4DA2600E00064 /* AppDelegate.h */,
				EB5845481AA4DA2600E00064 /* AppDelegate.m */,
				EB5845691AA4EDF300E00064 /* MainViewController.h */,
				EB58456A1AA4EDF300E00064 /* MainViewController.m */,
				EB58456C1AA4EE2000E00064 /* MapViewController.h */,
				EB58456D1AA4EE2000E00064 /* MapViewController.m */,
				EB2154831AA62210006987DF /* MoreMenuTableViewController.h */,
				EB2154841AA62210006987DF /* MoreMenuTableViewController.m */,
				EB2154861AA62290006987DF /* ItemTableViewCell.h */,
				EB2154871AA62290006987DF /* ItemTableViewCell.m */,
				EB58454D1AA4DA2600E00064 /* Main.storyboard */,
				EB5845501AA4DA2600E00064 /* Images.xcassets */,
				EB5845521AA4DA2600E00064 /* LaunchScreen.xib */,
				EB5845431AA4DA2600E00064 /* Supporting Files */,
				4E8ACBE11AA79AAC00B3C05A /* MyPoint.h */,
				4E8ACBE21AA79AAC00B3C05A /* MyPoint.m */,
			);
			path = "Mini Challenge 01";
			sourceTree = "<group>";
		};
		EB5845431AA4DA2600E00064 /* Supporting Files */ = {
			isa = PBXGroup;
			children = (
				EB5845441AA4DA2600E00064 /* Info.plist */,
				EB5845451AA4DA2600E00064 /* main.m */,
			);
			name = "Supporting Files";
			sourceTree = "<group>";
		};
		EB58455C1AA4DA2700E00064 /* Mini Challenge 01Tests */ = {
			isa = PBXGroup;
			children = (
				EB58455F1AA4DA2700E00064 /* Mini_Challenge_01Tests.m */,
				EB58455D1AA4DA2700E00064 /* Supporting Files */,
			);
			path = "Mini Challenge 01Tests";
			sourceTree = "<group>";
		};
		EB58455D1AA4DA2700E00064 /* Supporting Files */ = {
			isa = PBXGroup;
			children = (
				EB58455E1AA4DA2700E00064 /* Info.plist */,
			);
			name = "Supporting Files";
			sourceTree = "<group>";
		};
/* End PBXGroup section */

/* Begin PBXNativeTarget section */
		EB58453F1AA4DA2600E00064 /* Mini Challenge 01 */ = {
			isa = PBXNativeTarget;
			buildConfigurationList = EB5845631AA4DA2700E00064 /* Build configuration list for PBXNativeTarget "Mini Challenge 01" */;
			buildPhases = (
				EB58453C1AA4DA2600E00064 /* Sources */,
				EB58453D1AA4DA2600E00064 /* Frameworks */,
				EB58453E1AA4DA2600E00064 /* Resources */,
			);
			buildRules = (
			);
			dependencies = (
			);
			name = "Mini Challenge 01";
			productName = "Mini Challenge 01";
			productReference = EB5845401AA4DA2600E00064 /* Mini Challenge 01.app */;
			productType = "com.apple.product-type.application";
		};
		EB5845581AA4DA2700E00064 /* Mini Challenge 01Tests */ = {
			isa = PBXNativeTarget;
			buildConfigurationList = EB5845661AA4DA2700E00064 /* Build configuration list for PBXNativeTarget "Mini Challenge 01Tests" */;
			buildPhases = (
				EB5845551AA4DA2700E00064 /* Sources */,
				EB5845561AA4DA2700E00064 /* Frameworks */,
				EB5845571AA4DA2700E00064 /* Resources */,
			);
			buildRules = (
			);
			dependencies = (
				EB58455B1AA4DA2700E00064 /* PBXTargetDependency */,
			);
			name = "Mini Challenge 01Tests";
			productName = "Mini Challenge 01Tests";
			productReference = EB5845591AA4DA2700E00064 /* Mini Challenge 01Tests.xctest */;
			productType = "com.apple.product-type.bundle.unit-test";
		};
/* End PBXNativeTarget section */

/* Begin PBXProject section */
		EB5845381AA4DA2600E00064 /* Project object */ = {
			isa = PBXProject;
			attributes = {
				LastUpgradeCheck = 0610;
				ORGANIZATIONNAME = Nerf;
				TargetAttributes = {
					EB58453F1AA4DA2600E00064 = {
						CreatedOnToolsVersion = 6.1.1;
					};
					EB5845581AA4DA2700E00064 = {
						CreatedOnToolsVersion = 6.1.1;
						TestTargetID = EB58453F1AA4DA2600E00064;
					};
				};
			};
			buildConfigurationList = EB58453B1AA4DA2600E00064 /* Build configuration list for PBXProject "Mini Challenge 01" */;
			compatibilityVersion = "Xcode 3.2";
			developmentRegion = English;
			hasScannedForEncodings = 0;
			knownRegions = (
				en,
				Base,
			);
			mainGroup = EB5845371AA4DA2600E00064;
			productRefGroup = EB5845411AA4DA2600E00064 /* Products */;
			projectDirPath = "";
			projectRoot = "";
			targets = (
				EB58453F1AA4DA2600E00064 /* Mini Challenge 01 */,
				EB5845581AA4DA2700E00064 /* Mini Challenge 01Tests */,
			);
		};
/* End PBXProject section */

/* Begin PBXResourcesBuildPhase section */
		EB58453E1AA4DA2600E00064 /* Resources */ = {
			isa = PBXResourcesBuildPhase;
			buildActionMask = 2147483647;
			files = (
				EB58454F1AA4DA2600E00064 /* Main.storyboard in Resources */,
				EB5845541AA4DA2600E00064 /* LaunchScreen.xib in Resources */,
				EB5845511AA4DA2600E00064 /* Images.xcassets in Resources */,
			);
			runOnlyForDeploymentPostprocessing = 0;
		};
		EB5845571AA4DA2700E00064 /* Resources */ = {
			isa = PBXResourcesBuildPhase;
			buildActionMask = 2147483647;
			files = (
			);
			runOnlyForDeploymentPostprocessing = 0;
		};
/* End PBXResourcesBuildPhase section */

/* Begin PBXSourcesBuildPhase section */
		EB58453C1AA4DA2600E00064 /* Sources */ = {
			isa = PBXSourcesBuildPhase;
			buildActionMask = 2147483647;
			files = (
				4E8ACBE61AA7A36400B3C05A /* CustomAnnotation.m in Sources */,
				EB2154881AA62290006987DF /* ItemTableViewCell.m in Sources */,
				EB5845491AA4DA2600E00064 /* AppDelegate.m in Sources */,
				EB58456B1AA4EDF300E00064 /* MainViewController.m in Sources */,
				4E8ACBDD1AA7998800B3C05A /* ParkingLot.m in Sources */,
				4E8ACBE31AA79AAC00B3C05A /* MyPoint.m in Sources */,
				EB5845461AA4DA2600E00064 /* main.m in Sources */,
				EB58456E1AA4EE2000E00064 /* MapViewController.m in Sources */,
				EB2154851AA62210006987DF /* MoreMenuTableViewController.m in Sources */,
			);
			runOnlyForDeploymentPostprocessing = 0;
		};
		EB5845551AA4DA2700E00064 /* Sources */ = {
			isa = PBXSourcesBuildPhase;
			buildActionMask = 2147483647;
			files = (
				EB5845601AA4DA2700E00064 /* Mini_Challenge_01Tests.m in Sources */,
			);
			runOnlyForDeploymentPostprocessing = 0;
		};
/* End PBXSourcesBuildPhase section */

/* Begin PBXTargetDependency section */
		EB58455B1AA4DA2700E00064 /* PBXTargetDependency */ = {
			isa = PBXTargetDependency;
			target = EB58453F1AA4DA2600E00064 /* Mini Challenge 01 */;
			targetProxy = EB58455A1AA4DA2700E00064 /* PBXContainerItemProxy */;
		};
/* End PBXTargetDependency section */

/* Begin PBXVariantGroup section */
		EB58454D1AA4DA2600E00064 /* Main.storyboard */ = {
			isa = PBXVariantGroup;
			children = (
				EB58454E1AA4DA2600E00064 /* Base */,
			);
			name = Main.storyboard;
			sourceTree = "<group>";
		};
		EB5845521AA4DA2600E00064 /* LaunchScreen.xib */ = {
			isa = PBXVariantGroup;
			children = (
				EB5845531AA4DA2600E00064 /* Base */,
			);
			name = LaunchScreen.xib;
			sourceTree = "<group>";
		};
/* End PBXVariantGroup section */

/* Begin XCBuildConfiguration section */
		EB5845611AA4DA2700E00064 /* Debug */ = {
			isa = XCBuildConfiguration;
			buildSettings = {
				ALWAYS_SEARCH_USER_PATHS = NO;
				CLANG_CXX_LANGUAGE_STANDARD = "gnu++0x";
				CLANG_CXX_LIBRARY = "libc++";
				CLANG_ENABLE_MODULES = YES;
				CLANG_ENABLE_OBJC_ARC = YES;
				CLANG_WARN_BOOL_CONVERSION = YES;
				CLANG_WARN_CONSTANT_CONVERSION = YES;
				CLANG_WARN_DIRECT_OBJC_ISA_USAGE = YES_ERROR;
				CLANG_WARN_EMPTY_BODY = YES;
				CLANG_WARN_ENUM_CONVERSION = YES;
				CLANG_WARN_INT_CONVERSION = YES;
				CLANG_WARN_OBJC_ROOT_CLASS = YES_ERROR;
				CLANG_WARN_UNREACHABLE_CODE = YES;
				CLANG_WARN__DUPLICATE_METHOD_MATCH = YES;
				"CODE_SIGN_IDENTITY[sdk=iphoneos*]" = "iPhone Developer";
				COPY_PHASE_STRIP = NO;
				ENABLE_STRICT_OBJC_MSGSEND = YES;
				GCC_C_LANGUAGE_STANDARD = gnu99;
				GCC_DYNAMIC_NO_PIC = NO;
				GCC_OPTIMIZATION_LEVEL = 0;
				GCC_PREPROCESSOR_DEFINITIONS = (
					"DEBUG=1",
					"$(inherited)",
				);
				GCC_SYMBOLS_PRIVATE_EXTERN = NO;
				GCC_WARN_64_TO_32_BIT_CONVERSION = YES;
				GCC_WARN_ABOUT_RETURN_TYPE = YES_ERROR;
				GCC_WARN_UNDECLARED_SELECTOR = YES;
				GCC_WARN_UNINITIALIZED_AUTOS = YES_AGGRESSIVE;
				GCC_WARN_UNUSED_FUNCTION = YES;
				GCC_WARN_UNUSED_VARIABLE = YES;
				IPHONEOS_DEPLOYMENT_TARGET = 8.1;
				MTL_ENABLE_DEBUG_INFO = YES;
				ONLY_ACTIVE_ARCH = YES;
				SDKROOT = iphoneos;
				TARGETED_DEVICE_FAMILY = "1,2";
			};
			name = Debug;
		};
		EB5845621AA4DA2700E00064 /* Release */ = {
			isa = XCBuildConfiguration;
			buildSettings = {
				ALWAYS_SEARCH_USER_PATHS = NO;
				CLANG_CXX_LANGUAGE_STANDARD = "gnu++0x";
				CLANG_CXX_LIBRARY = "libc++";
				CLANG_ENABLE_MODULES = YES;
				CLANG_ENABLE_OBJC_ARC = YES;
				CLANG_WARN_BOOL_CONVERSION = YES;
				CLANG_WARN_CONSTANT_CONVERSION = YES;
				CLANG_WARN_DIRECT_OBJC_ISA_USAGE = YES_ERROR;
				CLANG_WARN_EMPTY_BODY = YES;
				CLANG_WARN_ENUM_CONVERSION = YES;
				CLANG_WARN_INT_CONVERSION = YES;
				CLANG_WARN_OBJC_ROOT_CLASS = YES_ERROR;
				CLANG_WARN_UNREACHABLE_CODE = YES;
				CLANG_WARN__DUPLICATE_METHOD_MATCH = YES;
				"CODE_SIGN_IDENTITY[sdk=iphoneos*]" = "iPhone Developer";
				COPY_PHASE_STRIP = YES;
				ENABLE_NS_ASSERTIONS = NO;
				ENABLE_STRICT_OBJC_MSGSEND = YES;
				GCC_C_LANGUAGE_STANDARD = gnu99;
				GCC_WARN_64_TO_32_BIT_CONVERSION = YES;
				GCC_WARN_ABOUT_RETURN_TYPE = YES_ERROR;
				GCC_WARN_UNDECLARED_SELECTOR = YES;
				GCC_WARN_UNINITIALIZED_AUTOS = YES_AGGRESSIVE;
				GCC_WARN_UNUSED_FUNCTION = YES;
				GCC_WARN_UNUSED_VARIABLE = YES;
				IPHONEOS_DEPLOYMENT_TARGET = 8.1;
				MTL_ENABLE_DEBUG_INFO = NO;
				SDKROOT = iphoneos;
				TARGETED_DEVICE_FAMILY = "1,2";
				VALIDATE_PRODUCT = YES;
			};
			name = Release;
		};
		EB5845641AA4DA2700E00064 /* Debug */ = {
			isa = XCBuildConfiguration;
			buildSettings = {
				ASSETCATALOG_COMPILER_APPICON_NAME = AppIcon;
				INFOPLIST_FILE = "Mini Challenge 01/Info.plist";
				LD_RUNPATH_SEARCH_PATHS = "$(inherited) @executable_path/Frameworks";
				PRODUCT_NAME = "$(TARGET_NAME)";
			};
			name = Debug;
		};
		EB5845651AA4DA2700E00064 /* Release */ = {
			isa = XCBuildConfiguration;
			buildSettings = {
				ASSETCATALOG_COMPILER_APPICON_NAME = AppIcon;
				INFOPLIST_FILE = "Mini Challenge 01/Info.plist";
				LD_RUNPATH_SEARCH_PATHS = "$(inherited) @executable_path/Frameworks";
				PRODUCT_NAME = "$(TARGET_NAME)";
			};
			name = Release;
		};
		EB5845671AA4DA2700E00064 /* Debug */ = {
			isa = XCBuildConfiguration;
			buildSettings = {
				BUNDLE_LOADER = "$(TEST_HOST)";
				FRAMEWORK_SEARCH_PATHS = (
					"$(SDKROOT)/Developer/Library/Frameworks",
					"$(inherited)",
				);
				GCC_PREPROCESSOR_DEFINITIONS = (
					"DEBUG=1",
					"$(inherited)",
				);
				INFOPLIST_FILE = "Mini Challenge 01Tests/Info.plist";
				LD_RUNPATH_SEARCH_PATHS = "$(inherited) @executable_path/Frameworks @loader_path/Frameworks";
				PRODUCT_NAME = "$(TARGET_NAME)";
				TEST_HOST = "$(BUILT_PRODUCTS_DIR)/Mini Challenge 01.app/Mini Challenge 01";
			};
			name = Debug;
		};
		EB5845681AA4DA2700E00064 /* Release */ = {
			isa = XCBuildConfiguration;
			buildSettings = {
				BUNDLE_LOADER = "$(TEST_HOST)";
				FRAMEWORK_SEARCH_PATHS = (
					"$(SDKROOT)/Developer/Library/Frameworks",
					"$(inherited)",
				);
				INFOPLIST_FILE = "Mini Challenge 01Tests/Info.plist";
				LD_RUNPATH_SEARCH_PATHS = "$(inherited) @executable_path/Frameworks @loader_path/Frameworks";
				PRODUCT_NAME = "$(TARGET_NAME)";
				TEST_HOST = "$(BUILT_PRODUCTS_DIR)/Mini Challenge 01.app/Mini Challenge 01";
			};
			name = Release;
		};
/* End XCBuildConfiguration section */

/* Begin XCConfigurationList section */
		EB58453B1AA4DA2600E00064 /* Build configuration list for PBXProject "Mini Challenge 01" */ = {
			isa = XCConfigurationList;
			buildConfigurations = (
				EB5845611AA4DA2700E00064 /* Debug */,
				EB5845621AA4DA2700E00064 /* Release */,
			);
			defaultConfigurationIsVisible = 0;
			defaultConfigurationName = Release;
		};
		EB5845631AA4DA2700E00064 /* Build configuration list for PBXNativeTarget "Mini Challenge 01" */ = {
			isa = XCConfigurationList;
			buildConfigurations = (
				EB5845641AA4DA2700E00064 /* Debug */,
				EB5845651AA4DA2700E00064 /* Release */,
			);
			defaultConfigurationIsVisible = 0;
			defaultConfigurationName = Release;
		};
		EB5845661AA4DA2700E00064 /* Build configuration list for PBXNativeTarget "Mini Challenge 01Tests" */ = {
			isa = XCConfigurationList;
			buildConfigurations = (
				EB5845671AA4DA2700E00064 /* Debug */,
				EB5845681AA4DA2700E00064 /* Release */,
			);
			defaultConfigurationIsVisible = 0;
			defaultConfigurationName = Release;
		};
/* End XCConfigurationList section */
	};
	rootObject = EB5845381AA4DA2600E00064 /* Project object */;
}
